{
  "name": "monorepo_sample",
  "version": "0.0.1",
  "lockfileVersion": 2,
  "requires": true,
  "packages": {
    "": {
      "name": "monorepo_sample",
      "version": "0.0.1",
      "license": "UNLICENSED",
      "workspaces": [
        "@packages/testpackage"
      ],
      "devDependencies": {
        "typescript": "^4.9.3"
      }
    },
    "@packages/testpackage": {
      "version": "0.0.1",
      "license": "UNLICENSED",
      "devDependencies": {
        "typescript": "^4.9.3"
      }
    },
    "node_modules/@packages/testpackage": {
      "resolved": "@packages/testpackage",
      "link": true
    },
    "node_modules/typescript": {
      "version": "4.9.3",
      "resolved": "https://registry.npmjs.org/typescript/-/typescript-4.9.3.tgz",
      "integrity": "sha512-CIfGzTelbKNEnLpLdGFgdyKhG23CKdKgQPOBc+OUNrkJ2vr+KSzsSV5kq5iWhEQbok+quxgGzrAtGWCyU7tHnA==",
      "dev": true,
      "bin": {
        "tsc": "bin/tsc",
        "tsserver": "bin/tsserver"
      },
      "engines": {
        "node": ">=4.2.0"
      }
    }
  },
  "dependencies": {
    "@packages/testpackage": {
      "version": "file:@packages/testpackage",
      "requires": {
        "typescript": "*"
      }
    },
    "typescript": {
      "version": "4.9.3",
      "resolved": "https://registry.npmjs.org/typescript/-/typescript-4.9.3.tgz",
      "integrity": "sha512-CIfGzTelbKNEnLpLdGFgdyKhG23CKdKgQPOBc+OUNrkJ2vr+KSzsSV5kq5iWhEQbok+quxgGzrAtGWCyU7tHnA==",
      "dev": true
    }
  }
}
